version = 1
revision = 3
requires-python = ">=3.12"

[[package]]
name = "classifyre-schemas"
version = "0.4.35"
source = { editable = "." }
dependencies = [
    { name = "fastjsonschema" },
]

[package.metadata]
requires-dist = [{ name = "fastjsonschema", specifier = "==2.21.2" }]

[[package]]
name = "fastjsonschema"
version = "2.21.2"
source = { registry = "https://pypi.org/simple" }
sdist = { url = "https://files.pythonhosted.org/packages/20/b5/23b216d9d985a956623b6bd12d4086b60f0059b27799f23016af04a74ea1/fastjsonschema-2.21.2.tar.gz", hash = "sha256:b1eb43748041c880796cd077f1a07c3d94e93ae84bba5ed36800a33554ae05de", size = 374130, upload-time = "2025-08-14T18:49:36.666Z" }
wheels = [
    { url = "https://files.pythonhosted.org/packages/cb/a8/20d0723294217e47de6d9e2e40fd4a9d2f7c4b6ef974babd482a59743694/fastjsonschema-2.21.2-py3-none-any.whl", hash = "sha256:1c797122d0a86c5cace2e54bf4e819c36223b552017172f32c5c024a6b77e463", size = 24024, upload-time = "2025-08-14T18:49:34.776Z" },
]
