dependencies:
- name: opentelemetry-collector
  repository: https://open-telemetry.github.io/opentelemetry-helm-charts
  version: 0.158.1
- name: grafana
  repository: https://grafana.github.io/helm-charts
  version: 10.5.15
- name: tempo
  repository: https://grafana.github.io/helm-charts
  version: 1.24.4
- name: loki
  repository: https://grafana.github.io/helm-charts
  version: 7.0.0
- name: promtail
  repository: https://grafana.github.io/helm-charts
  version: 6.17.1
- name: mimir-distributed
  repository: https://grafana.github.io/helm-charts
  version: 6.0.6
digest: sha256:918634d946a69b985b7ab40e060991bedd4fbf4539c8cb4fa08c83df31aa182f
generated: "2026-06-06T12:38:16.689558141Z"
