dependencies:
- name: opentelemetry-collector
  repository: https://open-telemetry.github.io/opentelemetry-helm-charts
  version: 0.158.2
- name: grafana
  repository: https://grafana.github.io/helm-charts
  version: 10.5.15
- name: tempo
  repository: https://grafana.github.io/helm-charts
  version: 1.24.4
- name: loki
  repository: https://grafana.github.io/helm-charts
  version: 7.0.0
- name: promtail
  repository: https://grafana.github.io/helm-charts
  version: 6.17.1
- name: mimir-distributed
  repository: https://grafana.github.io/helm-charts
  version: 6.0.6
digest: sha256:32bf37a30bf994b9bad69a9a9d72af4a2f5ef16a48906717ca1986aa147ae6de
generated: "2026-06-22T08:11:11.723667822Z"
